
Microsoft Visual Studio Solution File, Format Version 12.00
Project("{FAE04EC0-301F-11D3-BF4B-00C04F79EFBC}") = "MonitorBackend", "MonitorBackend\MonitorBackend.csproj", "{8DB17C81-EEEE-4ACB-872A-D44EE1442152}"
EndProject
Global
	GlobalSection(SolutionConfigurationPlatforms) = preSolution
		Debug|Any CPU = Debug|Any CPU
		Release|Any CPU = Release|Any CPU
	EndGlobalSection
	GlobalSection(ProjectConfigurationPlatforms) = postSolution
		{8DB17C81-EEEE-4ACB-872A-D44EE1442152}.Debug|Any CPU.ActiveCfg = Debug|Any CPU
		{8DB17C81-EEEE-4ACB-872A-D44EE1442152}.Debug|Any CPU.Build.0 = Debug|Any CPU
		{8DB17C81-EEEE-4ACB-872A-D44EE1442152}.Release|Any CPU.ActiveCfg = Release|Any CPU
		{8DB17C81-EEEE-4ACB-872A-D44EE1442152}.Release|Any CPU.Build.0 = Release|Any CPU
	EndGlobalSection
EndGlobal
